{
  "name": "softwaretesting",
  "version": "1.0.0",
  "lockfileVersion": 3,
  "requires": true,
  "packages": {
    "": {
      "name": "softwaretesting",
      "version": "1.0.0",
      "license": "ISC",
      "dependencies": {
        "assignment-lib": "git+https://github.com/otula/COMP.SE.200-2024-2025-1.git"
      }
    },
    "node_modules/assignment-lib": {
      "name": "software-testing-assignment",
      "version": "1.0.0",
      "resolved": "git+ssh://git@github.com/otula/COMP.SE.200-2024-2025-1.git#128f071c1dde7261e01d089ff4b0b5e84eef1fff",
      "license": "MIT"
    }
  }
}
